// !$*UTF8*$!
{
	archiveVersion = 1;
	classes = {
	};
	objectVersion = 46;
	objects = {

/* Begin PBXBuildFile section */
		62D3B7141BF4F8210056D509 /* main.swift in Sources */ = {isa = PBXBuildFile; fileRef = 62D3B7131BF4F8210056D509 /* main.swift */; };
		62D3B71B1BF4F8480056D509 /* DefaultErrorHandler.swift in Sources */ = {isa = PBXBuildFile; fileRef = 62D3B71A1BF4F8480056D509 /* DefaultErrorHandler.swift */; };
/* End PBXBuildFile section */

/* Begin PBXCopyFilesBuildPhase section */
		62D3B70E1BF4F8210056D509 /* CopyFiles */ = {
			isa = PBXCopyFilesBuildPhase;
			buildActionMask = 2147483647;
			dstPath = /usr/share/man/man1/;
			dstSubfolderSpec = 0;
			files = (
			);
			runOnlyForDeploymentPostprocessing = 1;
		};
/* End PBXCopyFilesBuildPhase section */

/* Begin PBXFileReference section */
		62D3B7101BF4F8210056D509 /* DefaultErrorHandler */ = {isa = PBXFileReference; explicitFileType = "compiled.mach-o.executable"; includeInIndex = 0; path = DefaultErrorHandler; sourceTree = BUILT_PRODUCTS_DIR; };
		62D3B7131BF4F8210056D509 /* main.swift */ = {isa = PBXFileReference; lastKnownFileType = sourcecode.swift; path = main.swift; sourceTree = "<group>"; };
		62D3B71A1BF4F8480056D509 /* DefaultErrorHandler.swift */ = {isa = PBXFileReference; fileEncoding = 4; lastKnownFileType = sourcecode.swift; path = DefaultErrorHandler.swift; sourceTree = "<group>"; };
/* End PBXFileReference section */

/* Begin PBXFrameworksBuildPhase section */
		62D3B70D1BF4F8210056D509 /* Frameworks */ = {
			isa = PBXFrameworksBuildPhase;
			buildActionMask = 2147483647;
			files = (
			);
			runOnlyForDeploymentPostprocessing = 0;
		};
/* End PBXFrameworksBuildPhase section */

/* Begin PBXGroup section */
		62D3B7071BF4F8210056D509 = {
			isa = PBXGroup;
			children = (
				62D3B7121BF4F8210056D509 /* DefaultErrorHandler */,
				62D3B7111BF4F8210056D509 /* Products */,
			);
			sourceTree = "<group>";
		};
		62D3B7111BF4F8210056D509 /* Products */ = {
			isa = PBXGroup;
			children = (
				62D3B7101BF4F8210056D509 /* DefaultErrorHandler */,
			);
			name = Products;
			sourceTree = "<group>";
		};
		62D3B7121BF4F8210056D509 /* DefaultErrorHandler */ = {
			isa = PBXGroup;
			children = (
				62D3B7131BF4F8210056D509 /* main.swift */,
				62D3B71A1BF4F8480056D509 /* DefaultErrorHandler.swift */,
			);
			path = DefaultErrorHandler;
			sourceTree = "<group>";
		};
/* End PBXGroup section */

/* Begin PBXNativeTarget section */
		62D3B70F1BF4F8210056D509 /* DefaultErrorHandler */ = {
			isa = PBXNativeTarget;
			buildConfigurationList = 62D3B7171BF4F8210056D509 /* Build configuration list for PBXNativeTarget "DefaultErrorHandler" */;
			buildPhases = (
				62D3B70C1BF4F8210056D509 /* Sources */,
				62D3B70D1BF4F8210056D509 /* Frameworks */,
				62D3B70E1BF4F8210056D509 /* CopyFiles */,
			);
			buildRules = (
			);
			dependencies = (
			);
			name = DefaultErrorHandler;
			productName = DefaultErrorHandler;
			productReference = 62D3B7101BF4F8210056D509 /* DefaultErrorHandler */;
			productType = "com.apple.product-type.tool";
		};
/* End PBXNativeTarget section */

/* Begin PBXProject section */
		62D3B7081BF4F8210056D509 /* Project object */ = {
			isa = PBXProject;
			attributes = {
				LastSwiftUpdateCheck = 0710;
				LastUpgradeCheck = 0710;
				ORGANIZATIONNAME = "Benjamin Encz";
				TargetAttributes = {
					62D3B70F1BF4F8210056D509 = {
						CreatedOnToolsVersion = 7.1;
					};
				};
			};
			buildConfigurationList = 62D3B70B1BF4F8210056D509 /* Build configuration list for PBXProject "DefaultErrorHandler" */;
			compatibilityVersion = "Xcode 3.2";
			developmentRegion = English;
			hasScannedForEncodings = 0;
			knownRegions = (
				en,
			);
			mainGroup = 62D3B7071BF4F8210056D509;
			productRefGroup = 62D3B7111BF4F8210056D509 /* Products */;
			projectDirPath = "";
			projectRoot = "";
			targets = (
				62D3B70F1BF4F8210056D509 /* DefaultErrorHandler */,
			);
		};
/* End PBXProject section */

/* Begin PBXSourcesBuildPhase section */
		62D3B70C1BF4F8210056D509 /* Sources */ = {
			isa = PBXSourcesBuildPhase;
			buildActionMask = 2147483647;
			files = (
				62D3B7141BF4F8210056D509 /* main.swift in Sources */,
				62D3B71B1BF4F8480056D509 /* DefaultErrorHandler.swift in Sources */,
			);
			runOnlyForDeploymentPostprocessing = 0;
		};
/* End PBXSourcesBuildPhase section */

/* Begin XCBuildConfiguration section */
		62D3B7151BF4F8210056D509 /* Debug */ = {
			isa = XCBuildConfiguration;
			buildSettings = {
				ALWAYS_SEARCH_USER_PATHS = NO;
				CLANG_CXX_LANGUAGE_STANDARD = "gnu++0x";
				CLANG_CXX_LIBRARY = "libc++";
				CLANG_ENABLE_MODULES = YES;
				CLANG_ENABLE_OBJC_ARC = YES;
				CLANG_WARN_BOOL_CONVERSION = YES;
				CLANG_WARN_CONSTANT_CONVERSION = YES;
				CLANG_WARN_DIRECT_OBJC_ISA_USAGE = YES_ERROR;
				CLANG_WARN_EMPTY_BODY = YES;
				CLANG_WARN_ENUM_CONVERSION = YES;
				CLANG_WARN_INT_CONVERSION = YES;
				CLANG_WARN_OBJC_ROOT_CLASS = YES_ERROR;
				CLANG_WARN_UNREACHABLE_CODE = YES;
				CLANG_WARN__DUPLICATE_METHOD_MATCH = YES;
				CODE_SIGN_IDENTITY = "-";
				COPY_PHASE_STRIP = NO;
				DEBUG_INFORMATION_FORMAT = dwarf;
				ENABLE_STRICT_OBJC_MSGSEND = YES;
				ENABLE_TESTABILITY = YES;
				GCC_C_LANGUAGE_STANDARD = gnu99;
				GCC_DYNAMIC_NO_PIC = NO;
				GCC_NO_COMMON_BLOCKS = YES;
				GCC_OPTIMIZATION_LEVEL = 0;
				GCC_PREPROCESSOR_DEFINITIONS = (
					"DEBUG=1",
					"$(inherited)",
				);
				GCC_WARN_64_TO_32_BIT_CONVERSION = YES;
				GCC_WARN_ABOUT_RETURN_TYPE = YES_ERROR;
				GCC_WARN_UNDECLARED_SELECTOR = YES;
				GCC_WARN_UNINITIALIZED_AUTOS = YES_AGGRESSIVE;
				GCC_WARN_UNUSED_FUNCTION = YES;
				GCC_WARN_UNUSED_VARIABLE = YES;
				MACOSX_DEPLOYMENT_TARGET = 10.11;
				MTL_ENABLE_DEBUG_INFO = YES;
				ONLY_ACTIVE_ARCH = YES;
				SDKROOT = macosx;
				SWIFT_OPTIMIZATION_LEVEL = "-Onone";
			};
			name = Debug;
		};
		62D3B7161BF4F8210056D509 /* Release */ = {
			isa = XCBuildConfiguration;
			buildSettings = {
				ALWAYS_SEARCH_USER_PATHS = NO;
				CLANG_CXX_LANGUAGE_STANDARD = "gnu++0x";
				CLANG_CXX_LIBRARY = "libc++";
				CLANG_ENABLE_MODULES = YES;
				CLANG_ENABLE_OBJC_ARC = YES;
				CLANG_WARN_BOOL_CONVERSION = YES;
				CLANG_WARN_CONSTANT_CONVERSION = YES;
				CLANG_WARN_DIRECT_OBJC_ISA_USAGE = YES_ERROR;
				CLANG_WARN_EMPTY_BODY = YES;
				CLANG_WARN_ENUM_CONVERSION = YES;
				CLANG_WARN_INT_CONVERSION = YES;
				CLANG_WARN_OBJC_ROOT_CLASS = YES_ERROR;
				CLANG_WARN_UNREACHABLE_CODE = YES;
				CLANG_WARN__DUPLICATE_METHOD_MATCH = YES;
				CODE_SIGN_IDENTITY = "-";
				COPY_PHASE_STRIP = NO;
				DEBUG_INFORMATION_FORMAT = "dwarf-with-dsym";
				ENABLE_NS_ASSERTIONS = NO;
				ENABLE_STRICT_OBJC_MSGSEND = YES;
				GCC_C_LANGUAGE_STANDARD = gnu99;
				GCC_NO_COMMON_BLOCKS = YES;
				GCC_WARN_64_TO_32_BIT_CONVERSION = YES;
				GCC_WARN_ABOUT_RETURN_TYPE = YES_ERROR;
				GCC_WARN_UNDECLARED_SELECTOR = YES;
				GCC_WARN_UNINITIALIZED_AUTOS = YES_AGGRESSIVE;
				GCC_WARN_UNUSED_FUNCTION = YES;
				GCC_WARN_UNUSED_VARIABLE = YES;
				MACOSX_DEPLOYMENT_TARGET = 10.11;
				MTL_ENABLE_DEBUG_INFO = NO;
				SDKROOT = macosx;
			};
			name = Release;
		};
		62D3B7181BF4F8210056D509 /* Debug */ = {
			isa = XCBuildConfiguration;
			buildSettings = {
				PRODUCT_NAME = "$(TARGET_NAME)";
			};
			name = Debug;
		};
		62D3B7191BF4F8210056D509 /* Release */ = {
			isa = XCBuildConfiguration;
			buildSettings = {
				PRODUCT_NAME = "$(TARGET_NAME)";
			};
			name = Release;
		};
/* End XCBuildConfiguration section */

/* Begin XCConfigurationList section */
		62D3B70B1BF4F8210056D509 /* Build configuration list for PBXProject "DefaultErrorHandler" */ = {
			isa = XCConfigurationList;
			buildConfigurations = (
				62D3B7151BF4F8210056D509 /* Debug */,
				62D3B7161BF4F8210056D509 /* Release */,
			);
			defaultConfigurationIsVisible = 0;
			defaultConfigurationName = Release;
		};
		62D3B7171BF4F8210056D509 /* Build configuration list for PBXNativeTarget "DefaultErrorHandler" */ = {
			isa = XCConfigurationList;
			buildConfigurations = (
				62D3B7181BF4F8210056D509 /* Debug */,
				62D3B7191BF4F8210056D509 /* Release */,
			);
			defaultConfigurationIsVisible = 0;
		};
/* End XCConfigurationList section */
	};
	rootObject = 62D3B7081BF4F8210056D509 /* Project object */;
}
